
Microsoft Visual Studio Solution File, Format Version 12.00
# Visual Studio Version 16
VisualStudioVersion = 16.0.30907.101
MinimumVisualStudioVersion = 10.0.40219.1
Project("{FAE04EC0-301F-11D3-BF4B-00C04F79EFBC}") = "server-bakery", "server-bakery\server-bakery.csproj", "{B9139572-49B7-438E-BCEC-81AE4072EF0E}"
EndProject
Global
	GlobalSection(SolutionConfigurationPlatforms) = preSolution
		Debug|Any CPU = Debug|Any CPU
		Release|Any CPU = Release|Any CPU
	EndGlobalSection
	GlobalSection(ProjectConfigurationPlatforms) = postSolution
		{B9139572-49B7-438E-BCEC-81AE4072EF0E}.Debug|Any CPU.ActiveCfg = Debug|Any CPU
		{B9139572-49B7-438E-BCEC-81AE4072EF0E}.Debug|Any CPU.Build.0 = Debug|Any CPU
		{B9139572-49B7-438E-BCEC-81AE4072EF0E}.Release|Any CPU.ActiveCfg = Release|Any CPU
		{B9139572-49B7-438E-BCEC-81AE4072EF0E}.Release|Any CPU.Build.0 = Release|Any CPU
	EndGlobalSection
	GlobalSection(SolutionProperties) = preSolution
		HideSolutionNode = FALSE
	EndGlobalSection
	GlobalSection(ExtensibilityGlobals) = postSolution
		SolutionGuid = {0A276928-4BA1-4EBD-A022-EDA6A6BC7A3E}
	EndGlobalSection
EndGlobal
